
Microsoft Visual Studio Solution File, Format Version 12.00
# Visual Studio 15
VisualStudioVersion = 15.0.27130.2027
MinimumVisualStudioVersion = 10.0.40219.1
Project("{FAE04EC0-301F-11D3-BF4B-00C04F79EFBC}") = "oceanTest_v1.0", "oceanTest_v1.0\oceanTest_v1.0.csproj", "{605EE17C-0608-41B4-A9D6-29350E916681}"
EndProject
Global
	GlobalSection(SolutionConfigurationPlatforms) = preSolution
		Debug|Any CPU = Debug|Any CPU
		Release|Any CPU = Release|Any CPU
	EndGlobalSection
	GlobalSection(ProjectConfigurationPlatforms) = postSolution
		{605EE17C-0608-41B4-A9D6-29350E916681}.Debug|Any CPU.ActiveCfg = Debug|Any CPU
		{605EE17C-0608-41B4-A9D6-29350E916681}.Debug|Any CPU.Build.0 = Debug|Any CPU
		{605EE17C-0608-41B4-A9D6-29350E916681}.Release|Any CPU.ActiveCfg = Release|Any CPU
		{605EE17C-0608-41B4-A9D6-29350E916681}.Release|Any CPU.Build.0 = Release|Any CPU
	EndGlobalSection
	GlobalSection(SolutionProperties) = preSolution
		HideSolutionNode = FALSE
	EndGlobalSection
	GlobalSection(ExtensibilityGlobals) = postSolution
		SolutionGuid = {E19BE85F-A30B-43F1-A893-7AEFB947C939}
	EndGlobalSection
EndGlobal
